
Microsoft Visual Studio Solution File, Format Version 12.00
# Visual Studio Version 16
VisualStudioVersion = 25.0.1706.6
MinimumVisualStudioVersion = 10.0.40219.1
Project("{FAE04EC0-301F-11D3-BF4B-00C04F79EFBC}") = "WikiApi", "WikimediaSearch\WikiApi.csproj", "{5811FD0D-3012-45FD-A11C-91B3DD2E80E2}"
EndProject
Global
	GlobalSection(SolutionConfigurationPlatforms) = preSolution
		Debug|Any CPU = Debug|Any CPU
		Release|Any CPU = Release|Any CPU
	EndGlobalSection
	GlobalSection(ProjectConfigurationPlatforms) = postSolution
		{5811FD0D-3012-45FD-A11C-91B3DD2E80E2}.Debug|Any CPU.ActiveCfg = Debug|Any CPU
		{5811FD0D-3012-45FD-A11C-91B3DD2E80E2}.Debug|Any CPU.Build.0 = Debug|Any CPU
		{5811FD0D-3012-45FD-A11C-91B3DD2E80E2}.Release|Any CPU.ActiveCfg = Release|Any CPU
		{5811FD0D-3012-45FD-A11C-91B3DD2E80E2}.Release|Any CPU.Build.0 = Release|Any CPU
	EndGlobalSection
	GlobalSection(SolutionProperties) = preSolution
		HideSolutionNode = FALSE
	EndGlobalSection
	GlobalSection(ExtensibilityGlobals) = postSolution
		SolutionGuid = {2A6EA715-30AD-4EF9-BDF4-032A45248275}
	EndGlobalSection
EndGlobal
